# This file is automatically @generated by Cargo.
# It is not intended for manual editing.
version = 4

[[package]]
name = "cmclient-agent"
version = "2.0.0-dev.0"
dependencies = [
 "cmclient-agent-core",
 "cmclient-control-api",
 "cmclient-supervisor",
 "cmclient-updater",
]

[[package]]
name = "cmclient-agent-core"
version = "2.0.0-dev.0"

[[package]]
name = "cmclient-cli"
version = "2.0.0-dev.0"
dependencies = [
 "cmclient-cli-client",
 "cmclient-control-api",
]

[[package]]
name = "cmclient-cli-client"
version = "2.0.0-dev.0"

[[package]]
name = "cmclient-control-api"
version = "2.0.0-dev.0"

[[package]]
name = "cmclient-supervisor"
version = "2.0.0-dev.0"

[[package]]
name = "cmclient-updater"
version = "2.0.0-dev.0"
